Microsoft Visual Studio Solution File, Format Version 12.00
# Visual Studio Version 17
VisualStudioVersion = 17.12.35527.113 d17.12
MinimumVisualStudioVersion = 10.0.40219.1
Project("{FAE04EC0-301F-11D3-BF4B-00C04F79EFBC}") = "MartenPlayground.AppHost", "MartenPlayground.AppHost\MartenPlayground.AppHost.csproj", "{4F2B27A5-2E03-4EE1-A7B7-1FD8D16BB26D}"
EndProject
Project("{FAE04EC0-301F-11D3-BF4B-00C04F79EFBC}") = "MartenPlayground.ServiceDefaults", "MartenPlayground.ServiceDefaults\MartenPlayground.ServiceDefaults.csproj", "{940C4762-5A5C-4A11-8CE9-04BA31966750}"
EndProject
Project("{FAE04EC0-301F-11D3-BF4B-00C04F79EFBC}") = "MartenPlayground.ApiService", "MartenPlayground.ApiService\MartenPlayground.ApiService.csproj", "{DB6F1EA6-2F8D-4354-A52E-B022911FE95F}"
EndProject
Global
	GlobalSection(SolutionConfigurationPlatforms) = preSolution
		Debug|Any CPU = Debug|Any CPU
		Release|Any CPU = Release|Any CPU
	EndGlobalSection
	GlobalSection(ProjectConfigurationPlatforms) = postSolution
		{4F2B27A5-2E03-4EE1-A7B7-1FD8D16BB26D}.Debug|Any CPU.ActiveCfg = Debug|Any CPU
		{4F2B27A5-2E03-4EE1-A7B7-1FD8D16BB26D}.Debug|Any CPU.Build.0 = Debug|Any CPU
		{4F2B27A5-2E03-4EE1-A7B7-1FD8D16BB26D}.Release|Any CPU.ActiveCfg = Release|Any CPU
		{4F2B27A5-2E03-4EE1-A7B7-1FD8D16BB26D}.Release|Any CPU.Build.0 = Release|Any CPU
		{940C4762-5A5C-4A11-8CE9-04BA31966750}.Debug|Any CPU.ActiveCfg = Debug|Any CPU
		{940C4762-5A5C-4A11-8CE9-04BA31966750}.Debug|Any CPU.Build.0 = Debug|Any CPU
		{940C4762-5A5C-4A11-8CE9-04BA31966750}.Release|Any CPU.ActiveCfg = Release|Any CPU
		{940C4762-5A5C-4A11-8CE9-04BA31966750}.Release|Any CPU.Build.0 = Release|Any CPU
		{DB6F1EA6-2F8D-4354-A52E-B022911FE95F}.Debug|Any CPU.ActiveCfg = Debug|Any CPU
		{DB6F1EA6-2F8D-4354-A52E-B022911FE95F}.Debug|Any CPU.Build.0 = Debug|Any CPU
		{DB6F1EA6-2F8D-4354-A52E-B022911FE95F}.Release|Any CPU.ActiveCfg = Release|Any CPU
		{DB6F1EA6-2F8D-4354-A52E-B022911FE95F}.Release|Any CPU.Build.0 = Release|Any CPU
	EndGlobalSection
	GlobalSection(SolutionProperties) = preSolution
		HideSolutionNode = FALSE
	EndGlobalSection
EndGlobal
